// !$*UTF8*$!
{
	archiveVersion = 1;
	classes = {
	};
	objectVersion = 52;
	objects = {

/* Begin PBXBuildFile section */
		D00A85162563C2E2001312B5 /* Weakify.swift in Sources */ = {isa = PBXBuildFile; fileRef = D00A85152563C2E2001312B5 /* Weakify.swift */; };
		D00A851D2563CFE2001312B5 /* RandoAPI.postman_collection.json in Resources */ = {isa = PBXBuildFile; fileRef = D00A851C2563CFE2001312B5 /* RandoAPI.postman_collection.json */; };
		D05E769A2562E4BD00583DF5 /* PostmanService.swift in Sources */ = {isa = PBXBuildFile; fileRef = D05E76992562E4BD00583DF5 /* PostmanService.swift */; };
		D05E769F2562E4DA00583DF5 /* PostmanJSONV2.swift in Sources */ = {isa = PBXBuildFile; fileRef = D05E769E2562E4DA00583DF5 /* PostmanJSONV2.swift */; };
		D05E76A42562E55700583DF5 /* PostmanInfo.swift in Sources */ = {isa = PBXBuildFile; fileRef = D05E76A32562E55700583DF5 /* PostmanInfo.swift */; };
		D05E76A82562E61E00583DF5 /* PostmanItem.swift in Sources */ = {isa = PBXBuildFile; fileRef = D05E76A72562E61E00583DF5 /* PostmanItem.swift */; };
		D05E76AB2562E6CF00583DF5 /* PostmanRequest.swift in Sources */ = {isa = PBXBuildFile; fileRef = D05E76AA2562E6CF00583DF5 /* PostmanRequest.swift */; };
		D05E76AE2562E70500583DF5 /* HTTPMethod.swift in Sources */ = {isa = PBXBuildFile; fileRef = D05E76AD2562E70500583DF5 /* HTTPMethod.swift */; };
		D05E76B62562E87F00583DF5 /* PostmanBody.swift in Sources */ = {isa = PBXBuildFile; fileRef = D05E76B52562E87F00583DF5 /* PostmanBody.swift */; };
		D05E76B92562E92800583DF5 /* PostmanUrl.swift in Sources */ = {isa = PBXBuildFile; fileRef = D05E76B82562E92800583DF5 /* PostmanUrl.swift */; };
		D05E76BC2562EB7000583DF5 /* PostmanVariable.swift in Sources */ = {isa = PBXBuildFile; fileRef = D05E76BB2562EB7000583DF5 /* PostmanVariable.swift */; };
		D05E76C12562EBCA00583DF5 /* PostmanAuth.swift in Sources */ = {isa = PBXBuildFile; fileRef = D05E76C02562EBCA00583DF5 /* PostmanAuth.swift */; };
		D05E76C42562EC1A00583DF5 /* PostmanAuthType.swift in Sources */ = {isa = PBXBuildFile; fileRef = D05E76C32562EC1A00583DF5 /* PostmanAuthType.swift */; };
		D05E76C72562EC5100583DF5 /* PostmanAuthBearer.swift in Sources */ = {isa = PBXBuildFile; fileRef = D05E76C62562EC5100583DF5 /* PostmanAuthBearer.swift */; };
		D05E76D82562EDCE00583DF5 /* HelperAssembly.swift in Sources */ = {isa = PBXBuildFile; fileRef = D05E76D42562EDCE00583DF5 /* HelperAssembly.swift */; };
		D05E76D92562EDCE00583DF5 /* Injected.swift in Sources */ = {isa = PBXBuildFile; fileRef = D05E76D52562EDCE00583DF5 /* Injected.swift */; };
		D05E76DA2562EDCE00583DF5 /* DependencyProvider.swift in Sources */ = {isa = PBXBuildFile; fileRef = D05E76D62562EDCE00583DF5 /* DependencyProvider.swift */; };
		D05E76DB2562EDCE00583DF5 /* InjectedObservedObject.swift in Sources */ = {isa = PBXBuildFile; fileRef = D05E76D72562EDCE00583DF5 /* InjectedObservedObject.swift */; };
		D05E76DF2562EE0400583DF5 /* Swinject in Frameworks */ = {isa = PBXBuildFile; productRef = D05E76DE2562EE0400583DF5 /* Swinject */; };
		D05E76E32562EF4000583DF5 /* ProjectListView.swift in Sources */ = {isa = PBXBuildFile; fileRef = D05E76E22562EF4000583DF5 /* ProjectListView.swift */; };
		D05E76E72562EF6800583DF5 /* ProjectListViewModel.swift in Sources */ = {isa = PBXBuildFile; fileRef = D05E76E62562EF6800583DF5 /* ProjectListViewModel.swift */; };
		D05E76EB2562F11800583DF5 /* ProjectListItemView.swift in Sources */ = {isa = PBXBuildFile; fileRef = D05E76EA2562F11800583DF5 /* ProjectListItemView.swift */; };
		D05E76F02562F2F800583DF5 /* ProjectListItemViewModel.swift in Sources */ = {isa = PBXBuildFile; fileRef = D05E76EF2562F2F800583DF5 /* ProjectListItemViewModel.swift */; };
		D06F25E725634E420035D033 /* RequestView.swift in Sources */ = {isa = PBXBuildFile; fileRef = D06F25E625634E420035D033 /* RequestView.swift */; };
		D09B27B52562DCF500145E3B /* AppDelegate.swift in Sources */ = {isa = PBXBuildFile; fileRef = D09B27B42562DCF500145E3B /* AppDelegate.swift */; };
		D09B27B72562DCF500145E3B /* SceneDelegate.swift in Sources */ = {isa = PBXBuildFile; fileRef = D09B27B62562DCF500145E3B /* SceneDelegate.swift */; };
		D09B27B92562DCF500145E3B /* ProjectView.swift in Sources */ = {isa = PBXBuildFile; fileRef = D09B27B82562DCF500145E3B /* ProjectView.swift */; };
		D09B27BB2562DCF900145E3B /* Assets.xcassets in Resources */ = {isa = PBXBuildFile; fileRef = D09B27BA2562DCF900145E3B /* Assets.xcassets */; };
		D09B27BE2562DCF900145E3B /* Preview Assets.xcassets in Resources */ = {isa = PBXBuildFile; fileRef = D09B27BD2562DCF900145E3B /* Preview Assets.xcassets */; };
		D09B27C12562DCF900145E3B /* LaunchScreen.storyboard in Resources */ = {isa = PBXBuildFile; fileRef = D09B27BF2562DCF900145E3B /* LaunchScreen.storyboard */; };
		D0D0E99D2563160B00CE224F /* ProjectViewModel.swift in Sources */ = {isa = PBXBuildFile; fileRef = D0D0E99C2563160B00CE224F /* ProjectViewModel.swift */; };
		D0D0E9A225631EF800CE224F /* ColorExtensions.swift in Sources */ = {isa = PBXBuildFile; fileRef = D0D0E9A125631EF800CE224F /* ColorExtensions.swift */; };
		D0D0E9A6256329E400CE224F /* ProjectIconGradient.swift in Sources */ = {isa = PBXBuildFile; fileRef = D0D0E9A5256329E400CE224F /* ProjectIconGradient.swift */; };
		D0D0E9B02563370900CE224F /* ProjectItemView.swift in Sources */ = {isa = PBXBuildFile; fileRef = D0D0E9AF2563370900CE224F /* ProjectItemView.swift */; };
		D0D0E9B3256337B500CE224F /* ProjectItemRequestView.swift in Sources */ = {isa = PBXBuildFile; fileRef = D0D0E9B2256337B500CE224F /* ProjectItemRequestView.swift */; };
		D0D0E9B62563388A00CE224F /* ProjectItemListView.swift in Sources */ = {isa = PBXBuildFile; fileRef = D0D0E9B52563388A00CE224F /* ProjectItemListView.swift */; };
		D0D0E9B92563418200CE224F /* ProjectItemRequestMethodView.swift in Sources */ = {isa = PBXBuildFile; fileRef = D0D0E9B82563418200CE224F /* ProjectItemRequestMethodView.swift */; };
/* End PBXBuildFile section */

/* Begin PBXFileReference section */
		D00A85152563C2E2001312B5 /* Weakify.swift */ = {isa = PBXFileReference; lastKnownFileType = sourcecode.swift; path = Weakify.swift; sourceTree = "<group>"; };
		D00A851C2563CFE2001312B5 /* RandoAPI.postman_collection.json */ = {isa = PBXFileReference; fileEncoding = 4; lastKnownFileType = text.json; path = RandoAPI.postman_collection.json; sourceTree = "<group>"; };
		D05E76992562E4BD00583DF5 /* PostmanService.swift */ = {isa = PBXFileReference; lastKnownFileType = sourcecode.swift; path = PostmanService.swift; sourceTree = "<group>"; };
		D05E769E2562E4DA00583DF5 /* PostmanJSONV2.swift */ = {isa = PBXFileReference; lastKnownFileType = sourcecode.swift; path = PostmanJSONV2.swift; sourceTree = "<group>"; };
		D05E76A32562E55700583DF5 /* PostmanInfo.swift */ = {isa = PBXFileReference; lastKnownFileType = sourcecode.swift; path = PostmanInfo.swift; sourceTree = "<group>"; };
		D05E76A72562E61E00583DF5 /* PostmanItem.swift */ = {isa = PBXFileReference; lastKnownFileType = sourcecode.swift; path = PostmanItem.swift; sourceTree = "<group>"; };
		D05E76AA2562E6CF00583DF5 /* PostmanRequest.swift */ = {isa = PBXFileReference; lastKnownFileType = sourcecode.swift; path = PostmanRequest.swift; sourceTree = "<group>"; };
		D05E76AD2562E70500583DF5 /* HTTPMethod.swift */ = {isa = PBXFileReference; lastKnownFileType = sourcecode.swift; path = HTTPMethod.swift; sourceTree = "<group>"; };
		D05E76B52562E87F00583DF5 /* PostmanBody.swift */ = {isa = PBXFileReference; lastKnownFileType = sourcecode.swift; path = PostmanBody.swift; sourceTree = "<group>"; };
		D05E76B82562E92800583DF5 /* PostmanUrl.swift */ = {isa = PBXFileReference; lastKnownFileType = sourcecode.swift; path = PostmanUrl.swift; sourceTree = "<group>"; };
		D05E76BB2562EB7000583DF5 /* PostmanVariable.swift */ = {isa = PBXFileReference; lastKnownFileType = sourcecode.swift; path = PostmanVariable.swift; sourceTree = "<group>"; };
		D05E76C02562EBCA00583DF5 /* PostmanAuth.swift */ = {isa = PBXFileReference; lastKnownFileType = sourcecode.swift; path = PostmanAuth.swift; sourceTree = "<group>"; };
		D05E76C32562EC1A00583DF5 /* PostmanAuthType.swift */ = {isa = PBXFileReference; lastKnownFileType = sourcecode.swift; path = PostmanAuthType.swift; sourceTree = "<group>"; };
		D05E76C62562EC5100583DF5 /* PostmanAuthBearer.swift */ = {isa = PBXFileReference; lastKnownFileType = sourcecode.swift; path = PostmanAuthBearer.swift; sourceTree = "<group>"; };
		D05E76D42562EDCE00583DF5 /* HelperAssembly.swift */ = {isa = PBXFileReference; fileEncoding = 4; lastKnownFileType = sourcecode.swift; path = HelperAssembly.swift; sourceTree = "<group>"; };
		D05E76D52562EDCE00583DF5 /* Injected.swift */ = {isa = PBXFileReference; fileEncoding = 4; lastKnownFileType = sourcecode.swift; path = Injected.swift; sourceTree = "<group>"; };
		D05E76D62562EDCE00583DF5 /* DependencyProvider.swift */ = {isa = PBXFileReference; fileEncoding = 4; lastKnownFileType = sourcecode.swift; path = DependencyProvider.swift; sourceTree = "<group>"; };
		D05E76D72562EDCE00583DF5 /* InjectedObservedObject.swift */ = {isa = PBXFileReference; fileEncoding = 4; lastKnownFileType = sourcecode.swift; path = InjectedObservedObject.swift; sourceTree = "<group>"; };
		D05E76E22562EF4000583DF5 /* ProjectListView.swift */ = {isa = PBXFileReference; lastKnownFileType = sourcecode.swift; path = ProjectListView.swift; sourceTree = "<group>"; };
		D05E76E62562EF6800583DF5 /* ProjectListViewModel.swift */ = {isa = PBXFileReference; lastKnownFileType = sourcecode.swift; path = ProjectListViewModel.swift; sourceTree = "<group>"; };
		D05E76EA2562F11800583DF5 /* ProjectListItemView.swift */ = {isa = PBXFileReference; lastKnownFileType = sourcecode.swift; path = ProjectListItemView.swift; sourceTree = "<group>"; };
		D05E76EF2562F2F800583DF5 /* ProjectListItemViewModel.swift */ = {isa = PBXFileReference; lastKnownFileType = sourcecode.swift; path = ProjectListItemViewModel.swift; sourceTree = "<group>"; };
		D06F25E625634E420035D033 /* RequestView.swift */ = {isa = PBXFileReference; lastKnownFileType = sourcecode.swift; path = RequestView.swift; sourceTree = "<group>"; };
		D09B27B12562DCF500145E3B /* ApiDoc.app */ = {isa = PBXFileReference; explicitFileType = wrapper.application; includeInIndex = 0; path = ApiDoc.app; sourceTree = BUILT_PRODUCTS_DIR; };
		D09B27B42562DCF500145E3B /* AppDelegate.swift */ = {isa = PBXFileReference; lastKnownFileType = sourcecode.swift; path = AppDelegate.swift; sourceTree = "<group>"; };
		D09B27B62562DCF500145E3B /* SceneDelegate.swift */ = {isa = PBXFileReference; lastKnownFileType = sourcecode.swift; path = SceneDelegate.swift; sourceTree = "<group>"; };
		D09B27B82562DCF500145E3B /* ProjectView.swift */ = {isa = PBXFileReference; lastKnownFileType = sourcecode.swift; path = ProjectView.swift; sourceTree = "<group>"; };
		D09B27BA2562DCF900145E3B /* Assets.xcassets */ = {isa = PBXFileReference; lastKnownFileType = folder.assetcatalog; path = Assets.xcassets; sourceTree = "<group>"; };
		D09B27BD2562DCF900145E3B /* Preview Assets.xcassets */ = {isa = PBXFileReference; lastKnownFileType = folder.assetcatalog; path = "Preview Assets.xcassets"; sourceTree = "<group>"; };
		D09B27C02562DCF900145E3B /* Base */ = {isa = PBXFileReference; lastKnownFileType = file.storyboard; name = Base; path = Base.lproj/LaunchScreen.storyboard; sourceTree = "<group>"; };
		D09B27C22562DCF900145E3B /* Info.plist */ = {isa = PBXFileReference; lastKnownFileType = text.plist.xml; path = Info.plist; sourceTree = "<group>"; };
		D0D0E99C2563160B00CE224F /* ProjectViewModel.swift */ = {isa = PBXFileReference; lastKnownFileType = sourcecode.swift; path = ProjectViewModel.swift; sourceTree = "<group>"; };
		D0D0E9A125631EF800CE224F /* ColorExtensions.swift */ = {isa = PBXFileReference; lastKnownFileType = sourcecode.swift; path = ColorExtensions.swift; sourceTree = "<group>"; };
		D0D0E9A5256329E400CE224F /* ProjectIconGradient.swift */ = {isa = PBXFileReference; lastKnownFileType = sourcecode.swift; path = ProjectIconGradient.swift; sourceTree = "<group>"; };
		D0D0E9AF2563370900CE224F /* ProjectItemView.swift */ = {isa = PBXFileReference; lastKnownFileType = sourcecode.swift; path = ProjectItemView.swift; sourceTree = "<group>"; };
		D0D0E9B2256337B500CE224F /* ProjectItemRequestView.swift */ = {isa = PBXFileReference; lastKnownFileType = sourcecode.swift; path = ProjectItemRequestView.swift; sourceTree = "<group>"; };
		D0D0E9B52563388A00CE224F /* ProjectItemListView.swift */ = {isa = PBXFileReference; lastKnownFileType = sourcecode.swift; path = ProjectItemListView.swift; sourceTree = "<group>"; };
		D0D0E9B82563418200CE224F /* ProjectItemRequestMethodView.swift */ = {isa = PBXFileReference; lastKnownFileType = sourcecode.swift; path = ProjectItemRequestMethodView.swift; sourceTree = "<group>"; };
/* End PBXFileReference section */

/* Begin PBXFrameworksBuildPhase section */
		D09B27AE2562DCF500145E3B /* Frameworks */ = {
			isa = PBXFrameworksBuildPhase;
			buildActionMask = 2147483647;
			files = (
				D05E76DF2562EE0400583DF5 /* Swinject in Frameworks */,
			);
			runOnlyForDeploymentPostprocessing = 0;
		};
/* End PBXFrameworksBuildPhase section */

/* Begin PBXGroup section */
		D00A85142563C2D5001312B5 /* Protocols */ = {
			isa = PBXGroup;
			children = (
				D00A85152563C2E2001312B5 /* Weakify.swift */,
			);
			path = Protocols;
			sourceTree = "<group>";
		};
		D05E76912562E3A700583DF5 /* Application */ = {
			isa = PBXGroup;
			children = (
				D05E76922562E3BF00583DF5 /* Supporting Files */,
				D09B27B42562DCF500145E3B /* AppDelegate.swift */,
				D09B27B62562DCF500145E3B /* SceneDelegate.swift */,
			);
			path = Application;
			sourceTree = "<group>";
		};
		D05E76922562E3BF00583DF5 /* Supporting Files */ = {
			isa = PBXGroup;
			children = (
				D09B27BC2562DCF900145E3B /* Preview Content */,
				D09B27BF2562DCF900145E3B /* LaunchScreen.storyboard */,
				D09B27C22562DCF900145E3B /* Info.plist */,
				D09B27BA2562DCF900145E3B /* Assets.xcassets */,
			);
			path = "Supporting Files";
			sourceTree = "<group>";
		};
		D05E76942562E3FC00583DF5 /* Views */ = {
			isa = PBXGroup;
			children = (
				D05E76E12562EF2E00583DF5 /* ProjectList */,
				D05E76CA2562ECF100583DF5 /* Project */,
				D06F25E525634E120035D033 /* Request */,
			);
			path = Views;
			sourceTree = "<group>";
		};
		D05E76982562E4A600583DF5 /* Services */ = {
			isa = PBXGroup;
			children = (
				D05E76992562E4BD00583DF5 /* PostmanService.swift */,
			);
			path = Services;
			sourceTree = "<group>";
		};
		D05E769D2562E4C600583DF5 /* Models */ = {
			isa = PBXGroup;
			children = (
				D05E76A22562E54600583DF5 /* Postman */,
				D05E76AD2562E70500583DF5 /* HTTPMethod.swift */,
			);
			path = Models;
			sourceTree = "<group>";
		};
		D05E76A22562E54600583DF5 /* Postman */ = {
			isa = PBXGroup;
			children = (
				D05E769E2562E4DA00583DF5 /* PostmanJSONV2.swift */,
				D05E76A32562E55700583DF5 /* PostmanInfo.swift */,
				D05E76A72562E61E00583DF5 /* PostmanItem.swift */,
				D05E76BB2562EB7000583DF5 /* PostmanVariable.swift */,
				D05E76BF2562EBB200583DF5 /* Auth */,
				D05E76B12562E80A00583DF5 /* Request */,
			);
			path = Postman;
			sourceTree = "<group>";
		};
		D05E76B12562E80A00583DF5 /* Request */ = {
			isa = PBXGroup;
			children = (
				D05E76AA2562E6CF00583DF5 /* PostmanRequest.swift */,
				D05E76B52562E87F00583DF5 /* PostmanBody.swift */,
				D05E76B82562E92800583DF5 /* PostmanUrl.swift */,
			);
			path = Request;
			sourceTree = "<group>";
		};
		D05E76BF2562EBB200583DF5 /* Auth */ = {
			isa = PBXGroup;
			children = (
				D05E76C02562EBCA00583DF5 /* PostmanAuth.swift */,
				D05E76C32562EC1A00583DF5 /* PostmanAuthType.swift */,
				D05E76C62562EC5100583DF5 /* PostmanAuthBearer.swift */,
			);
			path = Auth;
			sourceTree = "<group>";
		};
		D05E76CA2562ECF100583DF5 /* Project */ = {
			isa = PBXGroup;
			children = (
				D0D0E9AA256336D800CE224F /* Components */,
				D09B27B82562DCF500145E3B /* ProjectView.swift */,
				D0D0E99C2563160B00CE224F /* ProjectViewModel.swift */,
			);
			path = Project;
			sourceTree = "<group>";
		};
		D05E76D32562EDB300583DF5 /* DI */ = {
			isa = PBXGroup;
			children = (
				D05E76D62562EDCE00583DF5 /* DependencyProvider.swift */,
				D05E76D42562EDCE00583DF5 /* HelperAssembly.swift */,
				D05E76D52562EDCE00583DF5 /* Injected.swift */,
				D05E76D72562EDCE00583DF5 /* InjectedObservedObject.swift */,
			);
			path = DI;
			sourceTree = "<group>";
		};
		D05E76E12562EF2E00583DF5 /* ProjectList */ = {
			isa = PBXGroup;
			children = (
				D05E76EE2562F2C500583DF5 /* Item */,
				D05E76E22562EF4000583DF5 /* ProjectListView.swift */,
				D05E76E62562EF6800583DF5 /* ProjectListViewModel.swift */,
			);
			path = ProjectList;
			sourceTree = "<group>";
		};
		D05E76EE2562F2C500583DF5 /* Item */ = {
			isa = PBXGroup;
			children = (
				D0D0E9A5256329E400CE224F /* ProjectIconGradient.swift */,
				D05E76EA2562F11800583DF5 /* ProjectListItemView.swift */,
				D05E76EF2562F2F800583DF5 /* ProjectListItemViewModel.swift */,
			);
			path = Item;
			sourceTree = "<group>";
		};
		D06F25E525634E120035D033 /* Request */ = {
			isa = PBXGroup;
			children = (
				D06F25E625634E420035D033 /* RequestView.swift */,
			);
			path = Request;
			sourceTree = "<group>";
		};
		D09B27A82562DCF500145E3B = {
			isa = PBXGroup;
			children = (
				D00A851C2563CFE2001312B5 /* RandoAPI.postman_collection.json */,
				D09B27B32562DCF500145E3B /* ApiDoc */,
				D09B27B22562DCF500145E3B /* Products */,
			);
			sourceTree = "<group>";
		};
		D09B27B22562DCF500145E3B /* Products */ = {
			isa = PBXGroup;
			children = (
				D09B27B12562DCF500145E3B /* ApiDoc.app */,
			);
			name = Products;
			sourceTree = "<group>";
		};
		D09B27B32562DCF500145E3B /* ApiDoc */ = {
			isa = PBXGroup;
			children = (
				D0D0E99F25631ECB00CE224F /* Additions */,
				D05E76912562E3A700583DF5 /* Application */,
				D05E76D32562EDB300583DF5 /* DI */,
				D05E769D2562E4C600583DF5 /* Models */,
				D05E76982562E4A600583DF5 /* Services */,
				D05E76942562E3FC00583DF5 /* Views */,
			);
			path = ApiDoc;
			sourceTree = "<group>";
		};
		D09B27BC2562DCF900145E3B /* Preview Content */ = {
			isa = PBXGroup;
			children = (
				D09B27BD2562DCF900145E3B /* Preview Assets.xcassets */,
			);
			path = "Preview Content";
			sourceTree = "<group>";
		};
		D0D0E99F25631ECB00CE224F /* Additions */ = {
			isa = PBXGroup;
			children = (
				D00A85142563C2D5001312B5 /* Protocols */,
				D0D0E9A025631EEC00CE224F /* Extensions */,
			);
			path = Additions;
			sourceTree = "<group>";
		};
		D0D0E9A025631EEC00CE224F /* Extensions */ = {
			isa = PBXGroup;
			children = (
				D0D0E9A125631EF800CE224F /* ColorExtensions.swift */,
			);
			path = Extensions;
			sourceTree = "<group>";
		};
		D0D0E9AA256336D800CE224F /* Components */ = {
			isa = PBXGroup;
			children = (
				D0D0E9AF2563370900CE224F /* ProjectItemView.swift */,
				D0D0E9B2256337B500CE224F /* ProjectItemRequestView.swift */,
				D0D0E9B52563388A00CE224F /* ProjectItemListView.swift */,
				D0D0E9B82563418200CE224F /* ProjectItemRequestMethodView.swift */,
			);
			path = Components;
			sourceTree = "<group>";
		};
/* End PBXGroup section */

/* Begin PBXNativeTarget section */
		D09B27B02562DCF500145E3B /* ApiDoc */ = {
			isa = PBXNativeTarget;
			buildConfigurationList = D09B27C52562DCF900145E3B /* Build configuration list for PBXNativeTarget "ApiDoc" */;
			buildPhases = (
				D09B27AD2562DCF500145E3B /* Sources */,
				D09B27AE2562DCF500145E3B /* Frameworks */,
				D09B27AF2562DCF500145E3B /* Resources */,
			);
			buildRules = (
			);
			dependencies = (
			);
			name = ApiDoc;
			packageProductDependencies = (
				D05E76DE2562EE0400583DF5 /* Swinject */,
			);
			productName = ApiDoc;
			productReference = D09B27B12562DCF500145E3B /* ApiDoc.app */;
			productType = "com.apple.product-type.application";
		};
/* End PBXNativeTarget section */

/* Begin PBXProject section */
		D09B27A92562DCF500145E3B /* Project object */ = {
			isa = PBXProject;
			attributes = {
				LastSwiftUpdateCheck = 1220;
				LastUpgradeCheck = 1220;
				TargetAttributes = {
					D09B27B02562DCF500145E3B = {
						CreatedOnToolsVersion = 12.2;
					};
				};
			};
			buildConfigurationList = D09B27AC2562DCF500145E3B /* Build configuration list for PBXProject "ApiDoc" */;
			compatibilityVersion = "Xcode 9.3";
			developmentRegion = en;
			hasScannedForEncodings = 0;
			knownRegions = (
				en,
				Base,
			);
			mainGroup = D09B27A82562DCF500145E3B;
			packageReferences = (
				D05E76DD2562EE0400583DF5 /* XCRemoteSwiftPackageReference "Swinject" */,
			);
			productRefGroup = D09B27B22562DCF500145E3B /* Products */;
			projectDirPath = "";
			projectRoot = "";
			targets = (
				D09B27B02562DCF500145E3B /* ApiDoc */,
			);
		};
/* End PBXProject section */

/* Begin PBXResourcesBuildPhase section */
		D09B27AF2562DCF500145E3B /* Resources */ = {
			isa = PBXResourcesBuildPhase;
			buildActionMask = 2147483647;
			files = (
				D09B27C12562DCF900145E3B /* LaunchScreen.storyboard in Resources */,
				D00A851D2563CFE2001312B5 /* RandoAPI.postman_collection.json in Resources */,
				D09B27BE2562DCF900145E3B /* Preview Assets.xcassets in Resources */,
				D09B27BB2562DCF900145E3B /* Assets.xcassets in Resources */,
			);
			runOnlyForDeploymentPostprocessing = 0;
		};
/* End PBXResourcesBuildPhase section */

/* Begin PBXSourcesBuildPhase section */
		D09B27AD2562DCF500145E3B /* Sources */ = {
			isa = PBXSourcesBuildPhase;
			buildActionMask = 2147483647;
			files = (
				D05E76D82562EDCE00583DF5 /* HelperAssembly.swift in Sources */,
				D0D0E9A225631EF800CE224F /* ColorExtensions.swift in Sources */,
				D0D0E9B3256337B500CE224F /* ProjectItemRequestView.swift in Sources */,
				D05E76A82562E61E00583DF5 /* PostmanItem.swift in Sources */,
				D05E76DB2562EDCE00583DF5 /* InjectedObservedObject.swift in Sources */,
				D05E76A42562E55700583DF5 /* PostmanInfo.swift in Sources */,
				D0D0E99D2563160B00CE224F /* ProjectViewModel.swift in Sources */,
				D05E76AB2562E6CF00583DF5 /* PostmanRequest.swift in Sources */,
				D09B27B52562DCF500145E3B /* AppDelegate.swift in Sources */,
				D06F25E725634E420035D033 /* RequestView.swift in Sources */,
				D05E76B92562E92800583DF5 /* PostmanUrl.swift in Sources */,
				D05E76EB2562F11800583DF5 /* ProjectListItemView.swift in Sources */,
				D05E76B62562E87F00583DF5 /* PostmanBody.swift in Sources */,
				D05E76C42562EC1A00583DF5 /* PostmanAuthType.swift in Sources */,
				D05E76C72562EC5100583DF5 /* PostmanAuthBearer.swift in Sources */,
				D09B27B72562DCF500145E3B /* SceneDelegate.swift in Sources */,
				D00A85162563C2E2001312B5 /* Weakify.swift in Sources */,
				D05E76DA2562EDCE00583DF5 /* DependencyProvider.swift in Sources */,
				D05E76E72562EF6800583DF5 /* ProjectListViewModel.swift in Sources */,
				D05E76F02562F2F800583DF5 /* ProjectListItemViewModel.swift in Sources */,
				D05E76E32562EF4000583DF5 /* ProjectListView.swift in Sources */,
				D0D0E9B62563388A00CE224F /* ProjectItemListView.swift in Sources */,
				D0D0E9A6256329E400CE224F /* ProjectIconGradient.swift in Sources */,
				D05E76D92562EDCE00583DF5 /* Injected.swift in Sources */,
				D0D0E9B02563370900CE224F /* ProjectItemView.swift in Sources */,
				D05E769F2562E4DA00583DF5 /* PostmanJSONV2.swift in Sources */,
				D05E769A2562E4BD00583DF5 /* PostmanService.swift in Sources */,
				D05E76C12562EBCA00583DF5 /* PostmanAuth.swift in Sources */,
				D09B27B92562DCF500145E3B /* ProjectView.swift in Sources */,
				D05E76BC2562EB7000583DF5 /* PostmanVariable.swift in Sources */,
				D0D0E9B92563418200CE224F /* ProjectItemRequestMethodView.swift in Sources */,
				D05E76AE2562E70500583DF5 /* HTTPMethod.swift in Sources */,
			);
			runOnlyForDeploymentPostprocessing = 0;
		};
/* End PBXSourcesBuildPhase section */

/* Begin PBXVariantGroup section */
		D09B27BF2562DCF900145E3B /* LaunchScreen.storyboard */ = {
			isa = PBXVariantGroup;
			children = (
				D09B27C02562DCF900145E3B /* Base */,
			);
			name = LaunchScreen.storyboard;
			sourceTree = "<group>";
		};
/* End PBXVariantGroup section */

/* Begin XCBuildConfiguration section */
		D09B27C32562DCF900145E3B /* Debug */ = {
			isa = XCBuildConfiguration;
			buildSettings = {
				ALWAYS_SEARCH_USER_PATHS = NO;
				CLANG_ANALYZER_NONNULL = YES;
				CLANG_ANALYZER_NUMBER_OBJECT_CONVERSION = YES_AGGRESSIVE;
				CLANG_CXX_LANGUAGE_STANDARD = "gnu++14";
				CLANG_CXX_LIBRARY = "libc++";
				CLANG_ENABLE_MODULES = YES;
				CLANG_ENABLE_OBJC_ARC = YES;
				CLANG_ENABLE_OBJC_WEAK = YES;
				CLANG_WARN_BLOCK_CAPTURE_AUTORELEASING = YES;
				CLANG_WARN_BOOL_CONVERSION = YES;
				CLANG_WARN_COMMA = YES;
				CLANG_WARN_CONSTANT_CONVERSION = YES;
				CLANG_WARN_DEPRECATED_OBJC_IMPLEMENTATIONS = YES;
				CLANG_WARN_DIRECT_OBJC_ISA_USAGE = YES_ERROR;
				CLANG_WARN_DOCUMENTATION_COMMENTS = YES;
				CLANG_WARN_EMPTY_BODY = YES;
				CLANG_WARN_ENUM_CONVERSION = YES;
				CLANG_WARN_INFINITE_RECURSION = YES;
				CLANG_WARN_INT_CONVERSION = YES;
				CLANG_WARN_NON_LITERAL_NULL_CONVERSION = YES;
				CLANG_WARN_OBJC_IMPLICIT_RETAIN_SELF = YES;
				CLANG_WARN_OBJC_LITERAL_CONVERSION = YES;
				CLANG_WARN_OBJC_ROOT_CLASS = YES_ERROR;
				CLANG_WARN_QUOTED_INCLUDE_IN_FRAMEWORK_HEADER = YES;
				CLANG_WARN_RANGE_LOOP_ANALYSIS = YES;
				CLANG_WARN_STRICT_PROTOTYPES = YES;
				CLANG_WARN_SUSPICIOUS_MOVE = YES;
				CLANG_WARN_UNGUARDED_AVAILABILITY = YES_AGGRESSIVE;
				CLANG_WARN_UNREACHABLE_CODE = YES;
				CLANG_WARN__DUPLICATE_METHOD_MATCH = YES;
				COPY_PHASE_STRIP = NO;
				DEBUG_INFORMATION_FORMAT = dwarf;
				ENABLE_STRICT_OBJC_MSGSEND = YES;
				ENABLE_TESTABILITY = YES;
				GCC_C_LANGUAGE_STANDARD = gnu11;
				GCC_DYNAMIC_NO_PIC = NO;
				GCC_NO_COMMON_BLOCKS = YES;
				GCC_OPTIMIZATION_LEVEL = 0;
				GCC_PREPROCESSOR_DEFINITIONS = (
					"DEBUG=1",
					"$(inherited)",
				);
				GCC_WARN_64_TO_32_BIT_CONVERSION = YES;
				GCC_WARN_ABOUT_RETURN_TYPE = YES_ERROR;
				GCC_WARN_UNDECLARED_SELECTOR = YES;
				GCC_WARN_UNINITIALIZED_AUTOS = YES_AGGRESSIVE;
				GCC_WARN_UNUSED_FUNCTION = YES;
				GCC_WARN_UNUSED_VARIABLE = YES;
				IPHONEOS_DEPLOYMENT_TARGET = 14.2;
				MTL_ENABLE_DEBUG_INFO = INCLUDE_SOURCE;
				MTL_FAST_MATH = YES;
				ONLY_ACTIVE_ARCH = YES;
				SDKROOT = iphoneos;
				SWIFT_ACTIVE_COMPILATION_CONDITIONS = DEBUG;
				SWIFT_OPTIMIZATION_LEVEL = "-Onone";
			};
			name = Debug;
		};
		D09B27C42562DCF900145E3B /* Release */ = {
			isa = XCBuildConfiguration;
			buildSettings = {
				ALWAYS_SEARCH_USER_PATHS = NO;
				CLANG_ANALYZER_NONNULL = YES;
				CLANG_ANALYZER_NUMBER_OBJECT_CONVERSION = YES_AGGRESSIVE;
				CLANG_CXX_LANGUAGE_STANDARD = "gnu++14";
				CLANG_CXX_LIBRARY = "libc++";
				CLANG_ENABLE_MODULES = YES;
				CLANG_ENABLE_OBJC_ARC = YES;
				CLANG_ENABLE_OBJC_WEAK = YES;
				CLANG_WARN_BLOCK_CAPTURE_AUTORELEASING = YES;
				CLANG_WARN_BOOL_CONVERSION = YES;
				CLANG_WARN_COMMA = YES;
				CLANG_WARN_CONSTANT_CONVERSION = YES;
				CLANG_WARN_DEPRECATED_OBJC_IMPLEMENTATIONS = YES;
				CLANG_WARN_DIRECT_OBJC_ISA_USAGE = YES_ERROR;
				CLANG_WARN_DOCUMENTATION_COMMENTS = YES;
				CLANG_WARN_EMPTY_BODY = YES;
				CLANG_WARN_ENUM_CONVERSION = YES;
				CLANG_WARN_INFINITE_RECURSION = YES;
				CLANG_WARN_INT_CONVERSION = YES;
				CLANG_WARN_NON_LITERAL_NULL_CONVERSION = YES;
				CLANG_WARN_OBJC_IMPLICIT_RETAIN_SELF = YES;
				CLANG_WARN_OBJC_LITERAL_CONVERSION = YES;
				CLANG_WARN_OBJC_ROOT_CLASS = YES_ERROR;
				CLANG_WARN_QUOTED_INCLUDE_IN_FRAMEWORK_HEADER = YES;
				CLANG_WARN_RANGE_LOOP_ANALYSIS = YES;
				CLANG_WARN_STRICT_PROTOTYPES = YES;
				CLANG_WARN_SUSPICIOUS_MOVE = YES;
				CLANG_WARN_UNGUARDED_AVAILABILITY = YES_AGGRESSIVE;
				CLANG_WARN_UNREACHABLE_CODE = YES;
				CLANG_WARN__DUPLICATE_METHOD_MATCH = YES;
				COPY_PHASE_STRIP = NO;
				DEBUG_INFORMATION_FORMAT = "dwarf-with-dsym";
				ENABLE_NS_ASSERTIONS = NO;
				ENABLE_STRICT_OBJC_MSGSEND = YES;
				GCC_C_LANGUAGE_STANDARD = gnu11;
				GCC_NO_COMMON_BLOCKS = YES;
				GCC_WARN_64_TO_32_BIT_CONVERSION = YES;
				GCC_WARN_ABOUT_RETURN_TYPE = YES_ERROR;
				GCC_WARN_UNDECLARED_SELECTOR = YES;
				GCC_WARN_UNINITIALIZED_AUTOS = YES_AGGRESSIVE;
				GCC_WARN_UNUSED_FUNCTION = YES;
				GCC_WARN_UNUSED_VARIABLE = YES;
				IPHONEOS_DEPLOYMENT_TARGET = 14.2;
				MTL_ENABLE_DEBUG_INFO = NO;
				MTL_FAST_MATH = YES;
				SDKROOT = iphoneos;
				SWIFT_COMPILATION_MODE = wholemodule;
				SWIFT_OPTIMIZATION_LEVEL = "-O";
				VALIDATE_PRODUCT = YES;
			};
			name = Release;
		};
		D09B27C62562DCF900145E3B /* Debug */ = {
			isa = XCBuildConfiguration;
			buildSettings = {
				ASSETCATALOG_COMPILER_APPICON_NAME = AppIcon;
				ASSETCATALOG_COMPILER_GLOBAL_ACCENT_COLOR_NAME = AccentColor;
				CODE_SIGN_IDENTITY = "iPhone Developer";
				CODE_SIGN_STYLE = Manual;
				DEVELOPMENT_ASSET_PATHS = "\"ApiDoc/Application/Supporting Files/Preview Content\"";
				DEVELOPMENT_TEAM = 94FLWD5X32;
				ENABLE_PREVIEWS = YES;
				INFOPLIST_FILE = "ApiDoc/Application/Supporting Files/Info.plist";
				IPHONEOS_DEPLOYMENT_TARGET = 14.0;
				LD_RUNPATH_SEARCH_PATHS = (
					"$(inherited)",
					"@executable_path/Frameworks",
				);
				PRODUCT_BUNDLE_IDENTIFIER = com.maxencemottard.apidocumentation;
				PRODUCT_NAME = "$(TARGET_NAME)";
				PROVISIONING_PROFILE_SPECIFIER = "match Development com.maxencemottard.apidocumentation";
				SWIFT_VERSION = 5.0;
				TARGETED_DEVICE_FAMILY = "1,2";
			};
			name = Debug;
		};
		D09B27C72562DCF900145E3B /* Release */ = {
			isa = XCBuildConfiguration;
			buildSettings = {
				ASSETCATALOG_COMPILER_APPICON_NAME = AppIcon;
				ASSETCATALOG_COMPILER_GLOBAL_ACCENT_COLOR_NAME = AccentColor;
				CODE_SIGN_IDENTITY = "iPhone Developer";
				CODE_SIGN_STYLE = Manual;
				DEVELOPMENT_ASSET_PATHS = "\"ApiDoc/Application/Supporting Files/Preview Content\"";
				DEVELOPMENT_TEAM = 94FLWD5X32;
				ENABLE_PREVIEWS = YES;
				INFOPLIST_FILE = "ApiDoc/Application/Supporting Files/Info.plist";
				IPHONEOS_DEPLOYMENT_TARGET = 14.0;
				LD_RUNPATH_SEARCH_PATHS = (
					"$(inherited)",
					"@executable_path/Frameworks",
				);
				PRODUCT_BUNDLE_IDENTIFIER = com.maxencemottard.apidocumentation;
				PRODUCT_NAME = "$(TARGET_NAME)";
				PROVISIONING_PROFILE_SPECIFIER = "match Development com.maxencemottard.apidocumentation";
				SWIFT_VERSION = 5.0;
				TARGETED_DEVICE_FAMILY = "1,2";
			};
			name = Release;
		};
/* End XCBuildConfiguration section */

/* Begin XCConfigurationList section */
		D09B27AC2562DCF500145E3B /* Build configuration list for PBXProject "ApiDoc" */ = {
			isa = XCConfigurationList;
			buildConfigurations = (
				D09B27C32562DCF900145E3B /* Debug */,
				D09B27C42562DCF900145E3B /* Release */,
			);
			defaultConfigurationIsVisible = 0;
			defaultConfigurationName = Release;
		};
		D09B27C52562DCF900145E3B /* Build configuration list for PBXNativeTarget "ApiDoc" */ = {
			isa = XCConfigurationList;
			buildConfigurations = (
				D09B27C62562DCF900145E3B /* Debug */,
				D09B27C72562DCF900145E3B /* Release */,
			);
			defaultConfigurationIsVisible = 0;
			defaultConfigurationName = Release;
		};
/* End XCConfigurationList section */

/* Begin XCRemoteSwiftPackageReference section */
		D05E76DD2562EE0400583DF5 /* XCRemoteSwiftPackageReference "Swinject" */ = {
			isa = XCRemoteSwiftPackageReference;
			repositoryURL = "https://github.com/Swinject/Swinject.git";
			requirement = {
				kind = upToNextMajorVersion;
				minimumVersion = 2.7.1;
			};
		};
/* End XCRemoteSwiftPackageReference section */

/* Begin XCSwiftPackageProductDependency section */
		D05E76DE2562EE0400583DF5 /* Swinject */ = {
			isa = XCSwiftPackageProductDependency;
			package = D05E76DD2562EE0400583DF5 /* XCRemoteSwiftPackageReference "Swinject" */;
			productName = Swinject;
		};
/* End XCSwiftPackageProductDependency section */
	};
	rootObject = D09B27A92562DCF500145E3B /* Project object */;
}
